{
  "pins" : [
    {
      "identity" : "modularization-profile-package",
      "kind" : "remoteSourceControl",
      "location" : "https://github.com/rilambang/Modularization-Profile-Package.git",
      "state" : {
        "branch" : "main",
        "revision" : "15acc7be93be4d2934544abae797b9cf68695782"
      }
    }
  ],
  "version" : 2
}
