// !$*UTF8*$!
{
	archiveVersion = 1;
	classes = {
	};
	objectVersion = 56;
	objects = {

/* Begin PBXBuildFile section */
		37C12B65986DB739A24C23C8 /* Pods_Home.framework in Frameworks */ = {isa = PBXBuildFile; fileRef = A6ABB33727E6E7E12CA590D3 /* Pods_Home.framework */; };
		906BE29D29E5A83F00B4EA4F /* Home.docc in Sources */ = {isa = PBXBuildFile; fileRef = 906BE29C29E5A83F00B4EA4F /* Home.docc */; };
		906BE29E29E5A83F00B4EA4F /* Home.h in Headers */ = {isa = PBXBuildFile; fileRef = 906BE29B29E5A83F00B4EA4F /* Home.h */; settings = {ATTRIBUTES = (Public, ); }; };
		906BE2A529E5A8F000B4EA4F /* HomeMainView.swift in Sources */ = {isa = PBXBuildFile; fileRef = 906BE2A429E5A8F000B4EA4F /* HomeMainView.swift */; };
		9086199629E612B10041C500 /* Component.framework in Frameworks */ = {isa = PBXBuildFile; fileRef = 901039CC29E5C37A00C31EEB /* Component.framework */; };
		9086199729E612B10041C500 /* Component.framework in Embed Frameworks */ = {isa = PBXBuildFile; fileRef = 901039CC29E5C37A00C31EEB /* Component.framework */; settings = {ATTRIBUTES = (CodeSignOnCopy, RemoveHeadersOnCopy, ); }; };
		9086199929E612B30041C500 /* Core.framework in Frameworks */ = {isa = PBXBuildFile; fileRef = 901039C829E5C36500C31EEB /* Core.framework */; };
		9086199A29E612B30041C500 /* Core.framework in Embed Frameworks */ = {isa = PBXBuildFile; fileRef = 901039C829E5C36500C31EEB /* Core.framework */; settings = {ATTRIBUTES = (CodeSignOnCopy, RemoveHeadersOnCopy, ); }; };
/* End PBXBuildFile section */

/* Begin PBXCopyFilesBuildPhase section */
		9086199829E612B10041C500 /* Embed Frameworks */ = {
			isa = PBXCopyFilesBuildPhase;
			buildActionMask = 2147483647;
			dstPath = "";
			dstSubfolderSpec = 10;
			files = (
				9086199729E612B10041C500 /* Component.framework in Embed Frameworks */,
				9086199A29E612B30041C500 /* Core.framework in Embed Frameworks */,
			);
			name = "Embed Frameworks";
			runOnlyForDeploymentPostprocessing = 0;
		};
/* End PBXCopyFilesBuildPhase section */

/* Begin PBXFileReference section */
		2506293D93FA4B783D8C9CBF /* Pods-Home.debug.xcconfig */ = {isa = PBXFileReference; includeInIndex = 1; lastKnownFileType = text.xcconfig; name = "Pods-Home.debug.xcconfig"; path = "Target Support Files/Pods-Home/Pods-Home.debug.xcconfig"; sourceTree = "<group>"; };
		901039C829E5C36500C31EEB /* Core.framework */ = {isa = PBXFileReference; explicitFileType = wrapper.framework; path = Core.framework; sourceTree = BUILT_PRODUCTS_DIR; };
		901039CC29E5C37A00C31EEB /* Component.framework */ = {isa = PBXFileReference; explicitFileType = wrapper.framework; path = Component.framework; sourceTree = BUILT_PRODUCTS_DIR; };
		906BE29829E5A83F00B4EA4F /* Home.framework */ = {isa = PBXFileReference; explicitFileType = wrapper.framework; includeInIndex = 0; path = Home.framework; sourceTree = BUILT_PRODUCTS_DIR; };
		906BE29B29E5A83F00B4EA4F /* Home.h */ = {isa = PBXFileReference; lastKnownFileType = sourcecode.c.h; path = Home.h; sourceTree = "<group>"; };
		906BE29C29E5A83F00B4EA4F /* Home.docc */ = {isa = PBXFileReference; lastKnownFileType = folder.documentationcatalog; path = Home.docc; sourceTree = "<group>"; };
		906BE2A429E5A8F000B4EA4F /* HomeMainView.swift */ = {isa = PBXFileReference; lastKnownFileType = sourcecode.swift; path = HomeMainView.swift; sourceTree = "<group>"; };
		A6ABB33727E6E7E12CA590D3 /* Pods_Home.framework */ = {isa = PBXFileReference; explicitFileType = wrapper.framework; includeInIndex = 0; path = Pods_Home.framework; sourceTree = BUILT_PRODUCTS_DIR; };
		CCAA5EAC998DCDCAA8F7CFD0 /* Pods-Home.release.xcconfig */ = {isa = PBXFileReference; includeInIndex = 1; lastKnownFileType = text.xcconfig; name = "Pods-Home.release.xcconfig"; path = "Target Support Files/Pods-Home/Pods-Home.release.xcconfig"; sourceTree = "<group>"; };
/* End PBXFileReference section */

/* Begin PBXFrameworksBuildPhase section */
		906BE29529E5A83F00B4EA4F /* Frameworks */ = {
			isa = PBXFrameworksBuildPhase;
			buildActionMask = 2147483647;
			files = (
				9086199629E612B10041C500 /* Component.framework in Frameworks */,
				9086199929E612B30041C500 /* Core.framework in Frameworks */,
				37C12B65986DB739A24C23C8 /* Pods_Home.framework in Frameworks */,
			);
			runOnlyForDeploymentPostprocessing = 0;
		};
/* End PBXFrameworksBuildPhase section */

/* Begin PBXGroup section */
		88EB450864D544CB7F8C41C0 /* Frameworks */ = {
			isa = PBXGroup;
			children = (
				901039CC29E5C37A00C31EEB /* Component.framework */,
				901039C829E5C36500C31EEB /* Core.framework */,
				A6ABB33727E6E7E12CA590D3 /* Pods_Home.framework */,
			);
			name = Frameworks;
			sourceTree = "<group>";
		};
		906BE28E29E5A83F00B4EA4F = {
			isa = PBXGroup;
			children = (
				906BE29A29E5A83F00B4EA4F /* Home */,
				906BE29929E5A83F00B4EA4F /* Products */,
				C4B2506D29CB4BE8A2D61C7D /* Pods */,
				88EB450864D544CB7F8C41C0 /* Frameworks */,
			);
			sourceTree = "<group>";
		};
		906BE29929E5A83F00B4EA4F /* Products */ = {
			isa = PBXGroup;
			children = (
				906BE29829E5A83F00B4EA4F /* Home.framework */,
			);
			name = Products;
			sourceTree = "<group>";
		};
		906BE29A29E5A83F00B4EA4F /* Home */ = {
			isa = PBXGroup;
			children = (
				906BE29B29E5A83F00B4EA4F /* Home.h */,
				906BE29C29E5A83F00B4EA4F /* Home.docc */,
				906BE2A429E5A8F000B4EA4F /* HomeMainView.swift */,
			);
			path = Home;
			sourceTree = "<group>";
		};
		C4B2506D29CB4BE8A2D61C7D /* Pods */ = {
			isa = PBXGroup;
			children = (
				2506293D93FA4B783D8C9CBF /* Pods-Home.debug.xcconfig */,
				CCAA5EAC998DCDCAA8F7CFD0 /* Pods-Home.release.xcconfig */,
			);
			name = Pods;
			path = ../GameCatalogue/Pods;
			sourceTree = "<group>";
		};
/* End PBXGroup section */

/* Begin PBXHeadersBuildPhase section */
		906BE29329E5A83F00B4EA4F /* Headers */ = {
			isa = PBXHeadersBuildPhase;
			buildActionMask = 2147483647;
			files = (
				906BE29E29E5A83F00B4EA4F /* Home.h in Headers */,
			);
			runOnlyForDeploymentPostprocessing = 0;
		};
/* End PBXHeadersBuildPhase section */

/* Begin PBXNativeTarget section */
		906BE29729E5A83F00B4EA4F /* Home */ = {
			isa = PBXNativeTarget;
			buildConfigurationList = 906BE2A129E5A83F00B4EA4F /* Build configuration list for PBXNativeTarget "Home" */;
			buildPhases = (
				406A1750147A10E303DEAD00 /* [CP] Check Pods Manifest.lock */,
				906BE29329E5A83F00B4EA4F /* Headers */,
				906BE29429E5A83F00B4EA4F /* Sources */,
				906BE29529E5A83F00B4EA4F /* Frameworks */,
				906BE29629E5A83F00B4EA4F /* Resources */,
				9086199829E612B10041C500 /* Embed Frameworks */,
			);
			buildRules = (
			);
			dependencies = (
			);
			name = Home;
			productName = Home;
			productReference = 906BE29829E5A83F00B4EA4F /* Home.framework */;
			productType = "com.apple.product-type.framework";
		};
/* End PBXNativeTarget section */

/* Begin PBXProject section */
		906BE28F29E5A83F00B4EA4F /* Project object */ = {
			isa = PBXProject;
			attributes = {
				BuildIndependentTargetsInParallel = 1;
				LastUpgradeCheck = 1430;
				TargetAttributes = {
					906BE29729E5A83F00B4EA4F = {
						CreatedOnToolsVersion = 14.3;
					};
				};
			};
			buildConfigurationList = 906BE29229E5A83F00B4EA4F /* Build configuration list for PBXProject "Home" */;
			compatibilityVersion = "Xcode 14.0";
			developmentRegion = en;
			hasScannedForEncodings = 0;
			knownRegions = (
				en,
				Base,
			);
			mainGroup = 906BE28E29E5A83F00B4EA4F;
			productRefGroup = 906BE29929E5A83F00B4EA4F /* Products */;
			projectDirPath = "";
			projectRoot = "";
			targets = (
				906BE29729E5A83F00B4EA4F /* Home */,
			);
		};
/* End PBXProject section */

/* Begin PBXResourcesBuildPhase section */
		906BE29629E5A83F00B4EA4F /* Resources */ = {
			isa = PBXResourcesBuildPhase;
			buildActionMask = 2147483647;
			files = (
			);
			runOnlyForDeploymentPostprocessing = 0;
		};
/* End PBXResourcesBuildPhase section */

/* Begin PBXShellScriptBuildPhase section */
		406A1750147A10E303DEAD00 /* [CP] Check Pods Manifest.lock */ = {
			isa = PBXShellScriptBuildPhase;
			buildActionMask = 2147483647;
			files = (
			);
			inputFileListPaths = (
			);
			inputPaths = (
				"${PODS_PODFILE_DIR_PATH}/Podfile.lock",
				"${PODS_ROOT}/Manifest.lock",
			);
			name = "[CP] Check Pods Manifest.lock";
			outputFileListPaths = (
			);
			outputPaths = (
				"$(DERIVED_FILE_DIR)/Pods-Home-checkManifestLockResult.txt",
			);
			runOnlyForDeploymentPostprocessing = 0;
			shellPath = /bin/sh;
			shellScript = "diff \"${PODS_PODFILE_DIR_PATH}/Podfile.lock\" \"${PODS_ROOT}/Manifest.lock\" > /dev/null\nif [ $? != 0 ] ; then\n    # print error to STDERR\n    echo \"error: The sandbox is not in sync with the Podfile.lock. Run 'pod install' or update your CocoaPods installation.\" >&2\n    exit 1\nfi\n# This output is used by Xcode 'outputs' to avoid re-running this script phase.\necho \"SUCCESS\" > \"${SCRIPT_OUTPUT_FILE_0}\"\n";
			showEnvVarsInLog = 0;
		};
/* End PBXShellScriptBuildPhase section */

/* Begin PBXSourcesBuildPhase section */
		906BE29429E5A83F00B4EA4F /* Sources */ = {
			isa = PBXSourcesBuildPhase;
			buildActionMask = 2147483647;
			files = (
				906BE2A529E5A8F000B4EA4F /* HomeMainView.swift in Sources */,
				906BE29D29E5A83F00B4EA4F /* Home.docc in Sources */,
			);
			runOnlyForDeploymentPostprocessing = 0;
		};
/* End PBXSourcesBuildPhase section */

/* Begin XCBuildConfiguration section */
		906BE29F29E5A83F00B4EA4F /* Debug */ = {
			isa = XCBuildConfiguration;
			buildSettings = {
				ALWAYS_SEARCH_USER_PATHS = NO;
				CLANG_ANALYZER_NONNULL = YES;
				CLANG_ANALYZER_NUMBER_OBJECT_CONVERSION = YES_AGGRESSIVE;
				CLANG_CXX_LANGUAGE_STANDARD = "gnu++20";
				CLANG_ENABLE_MODULES = YES;
				CLANG_ENABLE_OBJC_ARC = YES;
				CLANG_ENABLE_OBJC_WEAK = YES;
				CLANG_WARN_BLOCK_CAPTURE_AUTORELEASING = YES;
				CLANG_WARN_BOOL_CONVERSION = YES;
				CLANG_WARN_COMMA = YES;
				CLANG_WARN_CONSTANT_CONVERSION = YES;
				CLANG_WARN_DEPRECATED_OBJC_IMPLEMENTATIONS = YES;
				CLANG_WARN_DIRECT_OBJC_ISA_USAGE = YES_ERROR;
				CLANG_WARN_DOCUMENTATION_COMMENTS = YES;
				CLANG_WARN_EMPTY_BODY = YES;
				CLANG_WARN_ENUM_CONVERSION = YES;
				CLANG_WARN_INFINITE_RECURSION = YES;
				CLANG_WARN_INT_CONVERSION = YES;
				CLANG_WARN_NON_LITERAL_NULL_CONVERSION = YES;
				CLANG_WARN_OBJC_IMPLICIT_RETAIN_SELF = YES;
				CLANG_WARN_OBJC_LITERAL_CONVERSION = YES;
				CLANG_WARN_OBJC_ROOT_CLASS = YES_ERROR;
				CLANG_WARN_QUOTED_INCLUDE_IN_FRAMEWORK_HEADER = YES;
				CLANG_WARN_RANGE_LOOP_ANALYSIS = YES;
				CLANG_WARN_STRICT_PROTOTYPES = YES;
				CLANG_WARN_SUSPICIOUS_MOVE = YES;
				CLANG_WARN_UNGUARDED_AVAILABILITY = YES_AGGRESSIVE;
				CLANG_WARN_UNREACHABLE_CODE = YES;
				CLANG_WARN__DUPLICATE_METHOD_MATCH = YES;
				COPY_PHASE_STRIP = NO;
				CURRENT_PROJECT_VERSION = 1;
				DEBUG_INFORMATION_FORMAT = dwarf;
				ENABLE_STRICT_OBJC_MSGSEND = YES;
				ENABLE_TESTABILITY = YES;
				GCC_C_LANGUAGE_STANDARD = gnu11;
				GCC_DYNAMIC_NO_PIC = NO;
				GCC_NO_COMMON_BLOCKS = YES;
				GCC_OPTIMIZATION_LEVEL = 0;
				GCC_PREPROCESSOR_DEFINITIONS = (
					"DEBUG=1",
					"$(inherited)",
				);
				GCC_WARN_64_TO_32_BIT_CONVERSION = YES;
				GCC_WARN_ABOUT_RETURN_TYPE = YES_ERROR;
				GCC_WARN_UNDECLARED_SELECTOR = YES;
				GCC_WARN_UNINITIALIZED_AUTOS = YES_AGGRESSIVE;
				GCC_WARN_UNUSED_FUNCTION = YES;
				GCC_WARN_UNUSED_VARIABLE = YES;
				IPHONEOS_DEPLOYMENT_TARGET = 16.4;
				MTL_ENABLE_DEBUG_INFO = INCLUDE_SOURCE;
				MTL_FAST_MATH = YES;
				ONLY_ACTIVE_ARCH = YES;
				SDKROOT = iphoneos;
				SWIFT_ACTIVE_COMPILATION_CONDITIONS = DEBUG;
				SWIFT_OPTIMIZATION_LEVEL = "-Onone";
				VERSIONING_SYSTEM = "apple-generic";
				VERSION_INFO_PREFIX = "";
			};
			name = Debug;
		};
		906BE2A029E5A83F00B4EA4F /* Release */ = {
			isa = XCBuildConfiguration;
			buildSettings = {
				ALWAYS_SEARCH_USER_PATHS = NO;
				CLANG_ANALYZER_NONNULL = YES;
				CLANG_ANALYZER_NUMBER_OBJECT_CONVERSION = YES_AGGRESSIVE;
				CLANG_CXX_LANGUAGE_STANDARD = "gnu++20";
				CLANG_ENABLE_MODULES = YES;
				CLANG_ENABLE_OBJC_ARC = YES;
				CLANG_ENABLE_OBJC_WEAK = YES;
				CLANG_WARN_BLOCK_CAPTURE_AUTORELEASING = YES;
				CLANG_WARN_BOOL_CONVERSION = YES;
				CLANG_WARN_COMMA = YES;
				CLANG_WARN_CONSTANT_CONVERSION = YES;
				CLANG_WARN_DEPRECATED_OBJC_IMPLEMENTATIONS = YES;
				CLANG_WARN_DIRECT_OBJC_ISA_USAGE = YES_ERROR;
				CLANG_WARN_DOCUMENTATION_COMMENTS = YES;
				CLANG_WARN_EMPTY_BODY = YES;
				CLANG_WARN_ENUM_CONVERSION = YES;
				CLANG_WARN_INFINITE_RECURSION = YES;
				CLANG_WARN_INT_CONVERSION = YES;
				CLANG_WARN_NON_LITERAL_NULL_CONVERSION = YES;
				CLANG_WARN_OBJC_IMPLICIT_RETAIN_SELF = YES;
				CLANG_WARN_OBJC_LITERAL_CONVERSION = YES;
				CLANG_WARN_OBJC_ROOT_CLASS = YES_ERROR;
				CLANG_WARN_QUOTED_INCLUDE_IN_FRAMEWORK_HEADER = YES;
				CLANG_WARN_RANGE_LOOP_ANALYSIS = YES;
				CLANG_WARN_STRICT_PROTOTYPES = YES;
				CLANG_WARN_SUSPICIOUS_MOVE = YES;
				CLANG_WARN_UNGUARDED_AVAILABILITY = YES_AGGRESSIVE;
				CLANG_WARN_UNREACHABLE_CODE = YES;
				CLANG_WARN__DUPLICATE_METHOD_MATCH = YES;
				COPY_PHASE_STRIP = NO;
				CURRENT_PROJECT_VERSION = 1;
				DEBUG_INFORMATION_FORMAT = "dwarf-with-dsym";
				ENABLE_NS_ASSERTIONS = NO;
				ENABLE_STRICT_OBJC_MSGSEND = YES;
				GCC_C_LANGUAGE_STANDARD = gnu11;
				GCC_NO_COMMON_BLOCKS = YES;
				GCC_WARN_64_TO_32_BIT_CONVERSION = YES;
				GCC_WARN_ABOUT_RETURN_TYPE = YES_ERROR;
				GCC_WARN_UNDECLARED_SELECTOR = YES;
				GCC_WARN_UNINITIALIZED_AUTOS = YES_AGGRESSIVE;
				GCC_WARN_UNUSED_FUNCTION = YES;
				GCC_WARN_UNUSED_VARIABLE = YES;
				IPHONEOS_DEPLOYMENT_TARGET = 16.4;
				MTL_ENABLE_DEBUG_INFO = NO;
				MTL_FAST_MATH = YES;
				SDKROOT = iphoneos;
				SWIFT_COMPILATION_MODE = wholemodule;
				SWIFT_OPTIMIZATION_LEVEL = "-O";
				VALIDATE_PRODUCT = YES;
				VERSIONING_SYSTEM = "apple-generic";
				VERSION_INFO_PREFIX = "";
			};
			name = Release;
		};
		906BE2A229E5A83F00B4EA4F /* Debug */ = {
			isa = XCBuildConfiguration;
			baseConfigurationReference = 2506293D93FA4B783D8C9CBF /* Pods-Home.debug.xcconfig */;
			buildSettings = {
				CODE_SIGN_STYLE = Automatic;
				CURRENT_PROJECT_VERSION = 1;
				DEFINES_MODULE = YES;
				DEVELOPMENT_TEAM = G9G79FWBD4;
				DYLIB_COMPATIBILITY_VERSION = 1;
				DYLIB_CURRENT_VERSION = 1;
				DYLIB_INSTALL_NAME_BASE = "@rpath";
				ENABLE_MODULE_VERIFIER = YES;
				GENERATE_INFOPLIST_FILE = YES;
				INFOPLIST_KEY_NSHumanReadableCopyright = "";
				INSTALL_PATH = "$(LOCAL_LIBRARY_DIR)/Frameworks";
				LD_RUNPATH_SEARCH_PATHS = (
					"$(inherited)",
					"@executable_path/Frameworks",
					"@loader_path/Frameworks",
				);
				MARKETING_VERSION = 1.0;
				MODULE_VERIFIER_SUPPORTED_LANGUAGES = "objective-c objective-c++";
				MODULE_VERIFIER_SUPPORTED_LANGUAGE_STANDARDS = "gnu11 gnu++20";
				PRODUCT_BUNDLE_IDENTIFIER = com.dicoding.academy.Home;
				PRODUCT_NAME = "$(TARGET_NAME:c99extidentifier)";
				SKIP_INSTALL = YES;
				SWIFT_EMIT_LOC_STRINGS = YES;
				SWIFT_VERSION = 5.0;
				TARGETED_DEVICE_FAMILY = "1,2";
			};
			name = Debug;
		};
		906BE2A329E5A83F00B4EA4F /* Release */ = {
			isa = XCBuildConfiguration;
			baseConfigurationReference = CCAA5EAC998DCDCAA8F7CFD0 /* Pods-Home.release.xcconfig */;
			buildSettings = {
				CODE_SIGN_STYLE = Automatic;
				CURRENT_PROJECT_VERSION = 1;
				DEFINES_MODULE = YES;
				DEVELOPMENT_TEAM = G9G79FWBD4;
				DYLIB_COMPATIBILITY_VERSION = 1;
				DYLIB_CURRENT_VERSION = 1;
				DYLIB_INSTALL_NAME_BASE = "@rpath";
				ENABLE_MODULE_VERIFIER = YES;
				GENERATE_INFOPLIST_FILE = YES;
				INFOPLIST_KEY_NSHumanReadableCopyright = "";
				INSTALL_PATH = "$(LOCAL_LIBRARY_DIR)/Frameworks";
				LD_RUNPATH_SEARCH_PATHS = (
					"$(inherited)",
					"@executable_path/Frameworks",
					"@loader_path/Frameworks",
				);
				MARKETING_VERSION = 1.0;
				MODULE_VERIFIER_SUPPORTED_LANGUAGES = "objective-c objective-c++";
				MODULE_VERIFIER_SUPPORTED_LANGUAGE_STANDARDS = "gnu11 gnu++20";
				PRODUCT_BUNDLE_IDENTIFIER = com.dicoding.academy.Home;
				PRODUCT_NAME = "$(TARGET_NAME:c99extidentifier)";
				SKIP_INSTALL = YES;
				SWIFT_EMIT_LOC_STRINGS = YES;
				SWIFT_VERSION = 5.0;
				TARGETED_DEVICE_FAMILY = "1,2";
			};
			name = Release;
		};
/* End XCBuildConfiguration section */

/* Begin XCConfigurationList section */
		906BE29229E5A83F00B4EA4F /* Build configuration list for PBXProject "Home" */ = {
			isa = XCConfigurationList;
			buildConfigurations = (
				906BE29F29E5A83F00B4EA4F /* Debug */,
				906BE2A029E5A83F00B4EA4F /* Release */,
			);
			defaultConfigurationIsVisible = 0;
			defaultConfigurationName = Release;
		};
		906BE2A129E5A83F00B4EA4F /* Build configuration list for PBXNativeTarget "Home" */ = {
			isa = XCConfigurationList;
			buildConfigurations = (
				906BE2A229E5A83F00B4EA4F /* Debug */,
				906BE2A329E5A83F00B4EA4F /* Release */,
			);
			defaultConfigurationIsVisible = 0;
			defaultConfigurationName = Release;
		};
/* End XCConfigurationList section */
	};
	rootObject = 906BE28F29E5A83F00B4EA4F /* Project object */;
}
